
Microsoft Visual Studio Solution File, Format Version 12.00
# Visual Studio 2017
Project("{FAE04EC0-301F-11D3-BF4B-00C04F79EFBC}") = "So You Think You Can Lance.Plugins", "So You Think You Can Lance.Plugins.csproj", "{A2491DF5-9FF8-BBD5-A0AE-C315AA05DA82}"
EndProject
Project("{FAE04EC0-301F-11D3-BF4B-00C04F79EFBC}") = "So You Think You Can Lance", "So You Think You Can Lance.csproj", "{15B084FF-5A48-326C-894C-2E239BC9015E}"
EndProject
Project("{FAE04EC0-301F-11D3-BF4B-00C04F79EFBC}") = "So You Think You Can Lance.Editor", "So You Think You Can Lance.Editor.csproj", "{0A55E067-8414-A3CA-6056-F6011F3AFFA0}"
EndProject
Project("{FAE04EC0-301F-11D3-BF4B-00C04F79EFBC}") = "So You Think You Can Lance.Editor.Plugins", "So You Think You Can Lance.Editor.Plugins.csproj", "{3C038883-E53A-3108-D371-A85D0F870C2F}"
EndProject
Global
	GlobalSection(SolutionConfigurationPlatforms) = preSolution
		Debug|Any CPU = Debug|Any CPU
		Release|Any CPU = Release|Any CPU
	EndGlobalSection
	GlobalSection(ProjectConfigurationPlatforms) = postSolution
		{A2491DF5-9FF8-BBD5-A0AE-C315AA05DA82}.Debug|Any CPU.ActiveCfg = Debug|Any CPU
		{A2491DF5-9FF8-BBD5-A0AE-C315AA05DA82}.Debug|Any CPU.Build.0 = Debug|Any CPU
		{A2491DF5-9FF8-BBD5-A0AE-C315AA05DA82}.Release|Any CPU.ActiveCfg = Release|Any CPU
		{A2491DF5-9FF8-BBD5-A0AE-C315AA05DA82}.Release|Any CPU.Build.0 = Release|Any CPU
		{15B084FF-5A48-326C-894C-2E239BC9015E}.Debug|Any CPU.ActiveCfg = Debug|Any CPU
		{15B084FF-5A48-326C-894C-2E239BC9015E}.Debug|Any CPU.Build.0 = Debug|Any CPU
		{15B084FF-5A48-326C-894C-2E239BC9015E}.Release|Any CPU.ActiveCfg = Release|Any CPU
		{15B084FF-5A48-326C-894C-2E239BC9015E}.Release|Any CPU.Build.0 = Release|Any CPU
		{0A55E067-8414-A3CA-6056-F6011F3AFFA0}.Debug|Any CPU.ActiveCfg = Debug|Any CPU
		{0A55E067-8414-A3CA-6056-F6011F3AFFA0}.Debug|Any CPU.Build.0 = Debug|Any CPU
		{0A55E067-8414-A3CA-6056-F6011F3AFFA0}.Release|Any CPU.ActiveCfg = Release|Any CPU
		{0A55E067-8414-A3CA-6056-F6011F3AFFA0}.Release|Any CPU.Build.0 = Release|Any CPU
		{3C038883-E53A-3108-D371-A85D0F870C2F}.Debug|Any CPU.ActiveCfg = Debug|Any CPU
		{3C038883-E53A-3108-D371-A85D0F870C2F}.Debug|Any CPU.Build.0 = Debug|Any CPU
		{3C038883-E53A-3108-D371-A85D0F870C2F}.Release|Any CPU.ActiveCfg = Release|Any CPU
		{3C038883-E53A-3108-D371-A85D0F870C2F}.Release|Any CPU.Build.0 = Release|Any CPU
	EndGlobalSection
	GlobalSection(SolutionProperties) = preSolution
		HideSolutionNode = FALSE
	EndGlobalSection
EndGlobal
