
Microsoft Visual Studio Solution File, Format Version 11.00
# Visual Studio 2010
Project("{FAE04EC0-301F-11D3-BF4B-00C04F79EFBC}") = "So You Think You Can Lance", "Assembly-CSharp-firstpass.csproj", "{3BF6A5C5-73C1-1DBE-FBEA-0FEC63CB16ED}"
EndProject
Project("{FAE04EC0-301F-11D3-BF4B-00C04F79EFBC}") = "So You Think You Can Lance", "Assembly-CSharp.csproj", "{BCE2904F-4254-68B1-158A-4170D3D44D5B}"
EndProject
Project("{FAE04EC0-301F-11D3-BF4B-00C04F79EFBC}") = "So You Think You Can Lance", "Assembly-CSharp-Editor.csproj", "{01864E85-4F04-2A35-4FCA-3A7E3A1AF2C4}"
EndProject
Project("{FAE04EC0-301F-11D3-BF4B-00C04F79EFBC}") = "So You Think You Can Lance", "Assembly-CSharp-Editor-firstpass.csproj", "{AB0321A3-53CC-1352-3E62-F424A4928BB9}"
EndProject
Global
	GlobalSection(SolutionConfigurationPlatforms) = preSolution
		Debug|Any CPU = Debug|Any CPU
		Release|Any CPU = Release|Any CPU
	EndGlobalSection
	GlobalSection(ProjectConfigurationPlatforms) = postSolution
		{3BF6A5C5-73C1-1DBE-FBEA-0FEC63CB16ED}.Debug|Any CPU.ActiveCfg = Debug|Any CPU
		{3BF6A5C5-73C1-1DBE-FBEA-0FEC63CB16ED}.Debug|Any CPU.Build.0 = Debug|Any CPU
		{3BF6A5C5-73C1-1DBE-FBEA-0FEC63CB16ED}.Release|Any CPU.ActiveCfg = Release|Any CPU
		{3BF6A5C5-73C1-1DBE-FBEA-0FEC63CB16ED}.Release|Any CPU.Build.0 = Release|Any CPU
		{BCE2904F-4254-68B1-158A-4170D3D44D5B}.Debug|Any CPU.ActiveCfg = Debug|Any CPU
		{BCE2904F-4254-68B1-158A-4170D3D44D5B}.Debug|Any CPU.Build.0 = Debug|Any CPU
		{BCE2904F-4254-68B1-158A-4170D3D44D5B}.Release|Any CPU.ActiveCfg = Release|Any CPU
		{BCE2904F-4254-68B1-158A-4170D3D44D5B}.Release|Any CPU.Build.0 = Release|Any CPU
		{01864E85-4F04-2A35-4FCA-3A7E3A1AF2C4}.Debug|Any CPU.ActiveCfg = Debug|Any CPU
		{01864E85-4F04-2A35-4FCA-3A7E3A1AF2C4}.Debug|Any CPU.Build.0 = Debug|Any CPU
		{01864E85-4F04-2A35-4FCA-3A7E3A1AF2C4}.Release|Any CPU.ActiveCfg = Release|Any CPU
		{01864E85-4F04-2A35-4FCA-3A7E3A1AF2C4}.Release|Any CPU.Build.0 = Release|Any CPU
		{AB0321A3-53CC-1352-3E62-F424A4928BB9}.Debug|Any CPU.ActiveCfg = Debug|Any CPU
		{AB0321A3-53CC-1352-3E62-F424A4928BB9}.Debug|Any CPU.Build.0 = Debug|Any CPU
		{AB0321A3-53CC-1352-3E62-F424A4928BB9}.Release|Any CPU.ActiveCfg = Release|Any CPU
		{AB0321A3-53CC-1352-3E62-F424A4928BB9}.Release|Any CPU.Build.0 = Release|Any CPU
	EndGlobalSection
	GlobalSection(SolutionProperties) = preSolution
		HideSolutionNode = FALSE
	EndGlobalSection
	GlobalSection(MonoDevelopProperties) = preSolution
		StartupItem = Assembly-CSharp.csproj
	EndGlobalSection
EndGlobal
